[[package]]
name = "day-14"
version = "0.1.0"
dependencies = [
 "hex 0.3.1 (registry+https://github.com/rust-lang/crates.io-index)",
]

[[package]]
name = "hex"
version = "0.3.1"
source = "registry+https://github.com/rust-lang/crates.io-index"

[metadata]
"checksum hex 0.3.1 (registry+https://github.com/rust-lang/crates.io-index)" = "459d3cf58137bb02ad4adeef5036377ff59f066dbb82517b7192e3a5462a2abc"
